// !$*UTF8*$!
{
	archiveVersion = 1;
	classes = {
	};
	objectVersion = 56;
	objects = {

/* Begin PBXBuildFile section */
		2913D70529E8520B00F4D299 /* LocationManager.swift in Sources */ = {isa = PBXBuildFile; fileRef = 2913D70429E8520B00F4D299 /* LocationManager.swift */; };
		2913D70729E8595D00F4D299 /* CityLocation.swift in Sources */ = {isa = PBXBuildFile; fileRef = 2913D70629E8595D00F4D299 /* CityLocation.swift */; };
		7131C7C529E7C8BD0042DC47 /* UIViewController+Extensions.swift in Sources */ = {isa = PBXBuildFile; fileRef = 7131C7C429E7C8BD0042DC47 /* UIViewController+Extensions.swift */; };
		7131C7C729E7CF7D0042DC47 /* NetworkError.swift in Sources */ = {isa = PBXBuildFile; fileRef = 7131C7C629E7CF7D0042DC47 /* NetworkError.swift */; };
		71419E9429E83F5600BFDBE3 /* Endpoints.swift in Sources */ = {isa = PBXBuildFile; fileRef = 71419E9329E83F5600BFDBE3 /* Endpoints.swift */; };
		717534E529E66EB100237C30 /* AppDelegate.swift in Sources */ = {isa = PBXBuildFile; fileRef = 717534E429E66EB100237C30 /* AppDelegate.swift */; };
		717534E729E66EB100237C30 /* SceneDelegate.swift in Sources */ = {isa = PBXBuildFile; fileRef = 717534E629E66EB100237C30 /* SceneDelegate.swift */; };
		717534EE29E66EB200237C30 /* Assets.xcassets in Resources */ = {isa = PBXBuildFile; fileRef = 717534ED29E66EB200237C30 /* Assets.xcassets */; };
		717534F129E66EB200237C30 /* LaunchScreen.storyboard in Resources */ = {isa = PBXBuildFile; fileRef = 717534EF29E66EB200237C30 /* LaunchScreen.storyboard */; };
		7175350629E66EB300237C30 /* _0230412_NidhiGupta_ChaseUITests.swift in Sources */ = {isa = PBXBuildFile; fileRef = 7175350529E66EB300237C30 /* _0230412_NidhiGupta_ChaseUITests.swift */; };
		7175350829E66EB300237C30 /* _0230412_NidhiGupta_ChaseUITestsLaunchTests.swift in Sources */ = {isa = PBXBuildFile; fileRef = 7175350729E66EB300237C30 /* _0230412_NidhiGupta_ChaseUITestsLaunchTests.swift */; };
		7175351529E6795300237C30 /* WeatherInfo.swift in Sources */ = {isa = PBXBuildFile; fileRef = 7175351429E6795300237C30 /* WeatherInfo.swift */; };
		7175351729E6795B00237C30 /* APIService.swift in Sources */ = {isa = PBXBuildFile; fileRef = 7175351629E6795B00237C30 /* APIService.swift */; };
		7175351929E6796200237C30 /* WeatherViewModel.swift in Sources */ = {isa = PBXBuildFile; fileRef = 7175351829E6796200237C30 /* WeatherViewModel.swift */; };
		7175351F29E6D86F00237C30 /* Utility.swift in Sources */ = {isa = PBXBuildFile; fileRef = 7175351E29E6D86F00237C30 /* Utility.swift */; };
		7175352129E6E40200237C30 /* NetworkPathMonitor.swift in Sources */ = {isa = PBXBuildFile; fileRef = 7175352029E6E40200237C30 /* NetworkPathMonitor.swift */; };
		7175352329E6FAAA00237C30 /* ImageCache.swift in Sources */ = {isa = PBXBuildFile; fileRef = 7175352229E6FAAA00237C30 /* ImageCache.swift */; };
		7175352529E71DFC00237C30 /* TodayWeatherVC.swift in Sources */ = {isa = PBXBuildFile; fileRef = 7175352429E71DFC00237C30 /* TodayWeatherVC.swift */; };
		71D56BC029E9240700146CD7 /* UtilityTest.swift in Sources */ = {isa = PBXBuildFile; fileRef = 71D56BB429E9240700146CD7 /* UtilityTest.swift */; };
		71D56BC129E9240700146CD7 /* LocationManagerTest.swift in Sources */ = {isa = PBXBuildFile; fileRef = 71D56BB529E9240700146CD7 /* LocationManagerTest.swift */; };
		71D56BC229E9240700146CD7 /* ImageCacheTest.swift in Sources */ = {isa = PBXBuildFile; fileRef = 71D56BB629E9240700146CD7 /* ImageCacheTest.swift */; };
		71D56BC329E9240700146CD7 /* NetworkPathMonitorTest.swift in Sources */ = {isa = PBXBuildFile; fileRef = 71D56BB729E9240700146CD7 /* NetworkPathMonitorTest.swift */; };
		71D56BC429E9240700146CD7 /* CityLocationTest.swift in Sources */ = {isa = PBXBuildFile; fileRef = 71D56BBA29E9240700146CD7 /* CityLocationTest.swift */; };
		71D56BC529E9240700146CD7 /* WeatherInfoTest.swift in Sources */ = {isa = PBXBuildFile; fileRef = 71D56BBB29E9240700146CD7 /* WeatherInfoTest.swift */; };
		71D56BC629E9240700146CD7 /* APIServiceTest.swift in Sources */ = {isa = PBXBuildFile; fileRef = 71D56BBD29E9240700146CD7 /* APIServiceTest.swift */; };
		71D56BC729E9240700146CD7 /* NetworkErrorTest.swift in Sources */ = {isa = PBXBuildFile; fileRef = 71D56BBE29E9240700146CD7 /* NetworkErrorTest.swift */; };
		71D56BC829E9240700146CD7 /* EndpointsTest.swift in Sources */ = {isa = PBXBuildFile; fileRef = 71D56BBF29E9240700146CD7 /* EndpointsTest.swift */; };
/* End PBXBuildFile section */

/* Begin PBXContainerItemProxy section */
		717534F829E66EB300237C30 /* PBXContainerItemProxy */ = {
			isa = PBXContainerItemProxy;
			containerPortal = 717534D929E66EB100237C30 /* Project object */;
			proxyType = 1;
			remoteGlobalIDString = 717534E029E66EB100237C30;
			remoteInfo = "20230412-NidhiGupta-Chase";
		};
		7175350229E66EB300237C30 /* PBXContainerItemProxy */ = {
			isa = PBXContainerItemProxy;
			containerPortal = 717534D929E66EB100237C30 /* Project object */;
			proxyType = 1;
			remoteGlobalIDString = 717534E029E66EB100237C30;
			remoteInfo = "20230412-NidhiGupta-Chase";
		};
/* End PBXContainerItemProxy section */

/* Begin PBXFileReference section */
		2913D70429E8520B00F4D299 /* LocationManager.swift */ = {isa = PBXFileReference; fileEncoding = 4; lastKnownFileType = sourcecode.swift; path = LocationManager.swift; sourceTree = "<group>"; };
		2913D70629E8595D00F4D299 /* CityLocation.swift */ = {isa = PBXFileReference; fileEncoding = 4; lastKnownFileType = sourcecode.swift; path = CityLocation.swift; sourceTree = "<group>"; };
		7131C7C429E7C8BD0042DC47 /* UIViewController+Extensions.swift */ = {isa = PBXFileReference; lastKnownFileType = sourcecode.swift; path = "UIViewController+Extensions.swift"; sourceTree = "<group>"; };
		7131C7C629E7CF7D0042DC47 /* NetworkError.swift */ = {isa = PBXFileReference; lastKnownFileType = sourcecode.swift; path = NetworkError.swift; sourceTree = "<group>"; };
		71419E9329E83F5600BFDBE3 /* Endpoints.swift */ = {isa = PBXFileReference; fileEncoding = 4; lastKnownFileType = sourcecode.swift; path = Endpoints.swift; sourceTree = "<group>"; };
		717534E129E66EB100237C30 /* 20230412-NidhiGupta-Chase.app */ = {isa = PBXFileReference; explicitFileType = wrapper.application; includeInIndex = 0; path = "20230412-NidhiGupta-Chase.app"; sourceTree = BUILT_PRODUCTS_DIR; };
		717534E429E66EB100237C30 /* AppDelegate.swift */ = {isa = PBXFileReference; lastKnownFileType = sourcecode.swift; path = AppDelegate.swift; sourceTree = "<group>"; };
		717534E629E66EB100237C30 /* SceneDelegate.swift */ = {isa = PBXFileReference; lastKnownFileType = sourcecode.swift; path = SceneDelegate.swift; sourceTree = "<group>"; };
		717534ED29E66EB200237C30 /* Assets.xcassets */ = {isa = PBXFileReference; lastKnownFileType = folder.assetcatalog; path = Assets.xcassets; sourceTree = "<group>"; };
		717534F029E66EB200237C30 /* Base */ = {isa = PBXFileReference; lastKnownFileType = file.storyboard; name = Base; path = Base.lproj/LaunchScreen.storyboard; sourceTree = "<group>"; };
		717534F229E66EB200237C30 /* Info.plist */ = {isa = PBXFileReference; lastKnownFileType = text.plist.xml; path = Info.plist; sourceTree = "<group>"; };
		717534F729E66EB300237C30 /* 20230412-NidhiGupta-ChaseTests.xctest */ = {isa = PBXFileReference; explicitFileType = wrapper.cfbundle; includeInIndex = 0; path = "20230412-NidhiGupta-ChaseTests.xctest"; sourceTree = BUILT_PRODUCTS_DIR; };
		7175350129E66EB300237C30 /* 20230412-NidhiGupta-ChaseUITests.xctest */ = {isa = PBXFileReference; explicitFileType = wrapper.cfbundle; includeInIndex = 0; path = "20230412-NidhiGupta-ChaseUITests.xctest"; sourceTree = BUILT_PRODUCTS_DIR; };
		7175350529E66EB300237C30 /* _0230412_NidhiGupta_ChaseUITests.swift */ = {isa = PBXFileReference; lastKnownFileType = sourcecode.swift; path = _0230412_NidhiGupta_ChaseUITests.swift; sourceTree = "<group>"; };
		7175350729E66EB300237C30 /* _0230412_NidhiGupta_ChaseUITestsLaunchTests.swift */ = {isa = PBXFileReference; lastKnownFileType = sourcecode.swift; path = _0230412_NidhiGupta_ChaseUITestsLaunchTests.swift; sourceTree = "<group>"; };
		7175351429E6795300237C30 /* WeatherInfo.swift */ = {isa = PBXFileReference; fileEncoding = 4; lastKnownFileType = sourcecode.swift; path = WeatherInfo.swift; sourceTree = "<group>"; };
		7175351629E6795B00237C30 /* APIService.swift */ = {isa = PBXFileReference; fileEncoding = 4; lastKnownFileType = sourcecode.swift; path = APIService.swift; sourceTree = "<group>"; };
		7175351829E6796200237C30 /* WeatherViewModel.swift */ = {isa = PBXFileReference; fileEncoding = 4; lastKnownFileType = sourcecode.swift; path = WeatherViewModel.swift; sourceTree = "<group>"; };
		7175351E29E6D86F00237C30 /* Utility.swift */ = {isa = PBXFileReference; lastKnownFileType = sourcecode.swift; path = Utility.swift; sourceTree = "<group>"; };
		7175352029E6E40200237C30 /* NetworkPathMonitor.swift */ = {isa = PBXFileReference; lastKnownFileType = sourcecode.swift; path = NetworkPathMonitor.swift; sourceTree = "<group>"; };
		7175352229E6FAAA00237C30 /* ImageCache.swift */ = {isa = PBXFileReference; lastKnownFileType = sourcecode.swift; path = ImageCache.swift; sourceTree = "<group>"; };
		7175352429E71DFC00237C30 /* TodayWeatherVC.swift */ = {isa = PBXFileReference; lastKnownFileType = sourcecode.swift; path = TodayWeatherVC.swift; sourceTree = "<group>"; };
		71D56BB429E9240700146CD7 /* UtilityTest.swift */ = {isa = PBXFileReference; fileEncoding = 4; lastKnownFileType = sourcecode.swift; path = UtilityTest.swift; sourceTree = "<group>"; };
		71D56BB529E9240700146CD7 /* LocationManagerTest.swift */ = {isa = PBXFileReference; fileEncoding = 4; lastKnownFileType = sourcecode.swift; path = LocationManagerTest.swift; sourceTree = "<group>"; };
		71D56BB629E9240700146CD7 /* ImageCacheTest.swift */ = {isa = PBXFileReference; fileEncoding = 4; lastKnownFileType = sourcecode.swift; path = ImageCacheTest.swift; sourceTree = "<group>"; };
		71D56BB729E9240700146CD7 /* NetworkPathMonitorTest.swift */ = {isa = PBXFileReference; fileEncoding = 4; lastKnownFileType = sourcecode.swift; path = NetworkPathMonitorTest.swift; sourceTree = "<group>"; };
		71D56BBA29E9240700146CD7 /* CityLocationTest.swift */ = {isa = PBXFileReference; fileEncoding = 4; lastKnownFileType = sourcecode.swift; path = CityLocationTest.swift; sourceTree = "<group>"; };
		71D56BBB29E9240700146CD7 /* WeatherInfoTest.swift */ = {isa = PBXFileReference; fileEncoding = 4; lastKnownFileType = sourcecode.swift; path = WeatherInfoTest.swift; sourceTree = "<group>"; };
		71D56BBD29E9240700146CD7 /* APIServiceTest.swift */ = {isa = PBXFileReference; fileEncoding = 4; lastKnownFileType = sourcecode.swift; path = APIServiceTest.swift; sourceTree = "<group>"; };
		71D56BBE29E9240700146CD7 /* NetworkErrorTest.swift */ = {isa = PBXFileReference; fileEncoding = 4; lastKnownFileType = sourcecode.swift; path = NetworkErrorTest.swift; sourceTree = "<group>"; };
		71D56BBF29E9240700146CD7 /* EndpointsTest.swift */ = {isa = PBXFileReference; fileEncoding = 4; lastKnownFileType = sourcecode.swift; path = EndpointsTest.swift; sourceTree = "<group>"; };
/* End PBXFileReference section */

/* Begin PBXFrameworksBuildPhase section */
		717534DE29E66EB100237C30 /* Frameworks */ = {
			isa = PBXFrameworksBuildPhase;
			buildActionMask = 2147483647;
			files = (
			);
			runOnlyForDeploymentPostprocessing = 0;
		};
		717534F429E66EB300237C30 /* Frameworks */ = {
			isa = PBXFrameworksBuildPhase;
			buildActionMask = 2147483647;
			files = (
			);
			runOnlyForDeploymentPostprocessing = 0;
		};
		717534FE29E66EB300237C30 /* Frameworks */ = {
			isa = PBXFrameworksBuildPhase;
			buildActionMask = 2147483647;
			files = (
			);
			runOnlyForDeploymentPostprocessing = 0;
		};
/* End PBXFrameworksBuildPhase section */

/* Begin PBXGroup section */
		7131C7C829E7F3EB0042DC47 /* Data */ = {
			isa = PBXGroup;
			children = (
				7131C7CC29E7F9950042DC47 /* Model */,
			);
			path = Data;
			sourceTree = "<group>";
		};
		7131C7CA29E7F4470042DC47 /* UI */ = {
			isa = PBXGroup;
			children = (
				7131C7CE29E7F9C90042DC47 /* ViewControllers */,
				7131C7CD29E7F9AE0042DC47 /* ViewModels */,
			);
			path = UI;
			sourceTree = "<group>";
		};
		7131C7CC29E7F9950042DC47 /* Model */ = {
			isa = PBXGroup;
			children = (
				2913D70629E8595D00F4D299 /* CityLocation.swift */,
				7175351429E6795300237C30 /* WeatherInfo.swift */,
			);
			path = Model;
			sourceTree = "<group>";
		};
		7131C7CD29E7F9AE0042DC47 /* ViewModels */ = {
			isa = PBXGroup;
			children = (
				7175351829E6796200237C30 /* WeatherViewModel.swift */,
			);
			path = ViewModels;
			sourceTree = "<group>";
		};
		7131C7CE29E7F9C90042DC47 /* ViewControllers */ = {
			isa = PBXGroup;
			children = (
				7175352429E71DFC00237C30 /* TodayWeatherVC.swift */,
			);
			path = ViewControllers;
			sourceTree = "<group>";
		};
		7131C7CF29E7F9FC0042DC47 /* Utils */ = {
			isa = PBXGroup;
			children = (
				2913D70429E8520B00F4D299 /* LocationManager.swift */,
				7175352229E6FAAA00237C30 /* ImageCache.swift */,
				7131C7C429E7C8BD0042DC47 /* UIViewController+Extensions.swift */,
				7175351E29E6D86F00237C30 /* Utility.swift */,
				7175352029E6E40200237C30 /* NetworkPathMonitor.swift */,
			);
			path = Utils;
			sourceTree = "<group>";
		};
		7131C7D029E7FA280042DC47 /* Network */ = {
			isa = PBXGroup;
			children = (
				71419E9329E83F5600BFDBE3 /* Endpoints.swift */,
				7175351629E6795B00237C30 /* APIService.swift */,
				7131C7C629E7CF7D0042DC47 /* NetworkError.swift */,
			);
			path = Network;
			sourceTree = "<group>";
		};
		7131C7D129E7FA390042DC47 /* AppBase */ = {
			isa = PBXGroup;
			children = (
				717534E429E66EB100237C30 /* AppDelegate.swift */,
				717534E629E66EB100237C30 /* SceneDelegate.swift */,
			);
			path = AppBase;
			sourceTree = "<group>";
		};
		717534D829E66EB100237C30 = {
			isa = PBXGroup;
			children = (
				717534E329E66EB100237C30 /* 20230412-NidhiGupta-Chase */,
				717534FA29E66EB300237C30 /* 20230412-NidhiGupta-ChaseTests */,
				7175350429E66EB300237C30 /* 20230412-NidhiGupta-ChaseUITests */,
				717534E229E66EB100237C30 /* Products */,
			);
			sourceTree = "<group>";
		};
		717534E229E66EB100237C30 /* Products */ = {
			isa = PBXGroup;
			children = (
				717534E129E66EB100237C30 /* 20230412-NidhiGupta-Chase.app */,
				717534F729E66EB300237C30 /* 20230412-NidhiGupta-ChaseTests.xctest */,
				7175350129E66EB300237C30 /* 20230412-NidhiGupta-ChaseUITests.xctest */,
			);
			name = Products;
			sourceTree = "<group>";
		};
		717534E329E66EB100237C30 /* 20230412-NidhiGupta-Chase */ = {
			isa = PBXGroup;
			children = (
				7131C7D129E7FA390042DC47 /* AppBase */,
				7131C7D029E7FA280042DC47 /* Network */,
				7131C7CF29E7F9FC0042DC47 /* Utils */,
				7131C7CA29E7F4470042DC47 /* UI */,
				7131C7C829E7F3EB0042DC47 /* Data */,
				717534F229E66EB200237C30 /* Info.plist */,
				717534EF29E66EB200237C30 /* LaunchScreen.storyboard */,
				717534ED29E66EB200237C30 /* Assets.xcassets */,
			);
			path = "20230412-NidhiGupta-Chase";
			sourceTree = "<group>";
		};
		717534FA29E66EB300237C30 /* 20230412-NidhiGupta-ChaseTests */ = {
			isa = PBXGroup;
			children = (
				71D56BB829E9240700146CD7 /* Data */,
				71D56BBC29E9240700146CD7 /* Network */,
				71D56BB329E9240700146CD7 /* Utils */,
			);
			path = "20230412-NidhiGupta-ChaseTests";
			sourceTree = "<group>";
		};
		7175350429E66EB300237C30 /* 20230412-NidhiGupta-ChaseUITests */ = {
			isa = PBXGroup;
			children = (
				7175350529E66EB300237C30 /* _0230412_NidhiGupta_ChaseUITests.swift */,
				7175350729E66EB300237C30 /* _0230412_NidhiGupta_ChaseUITestsLaunchTests.swift */,
			);
			path = "20230412-NidhiGupta-ChaseUITests";
			sourceTree = "<group>";
		};
		71D56BB329E9240700146CD7 /* Utils */ = {
			isa = PBXGroup;
			children = (
				71D56BB429E9240700146CD7 /* UtilityTest.swift */,
				71D56BB529E9240700146CD7 /* LocationManagerTest.swift */,
				71D56BB629E9240700146CD7 /* ImageCacheTest.swift */,
				71D56BB729E9240700146CD7 /* NetworkPathMonitorTest.swift */,
			);
			path = Utils;
			sourceTree = "<group>";
		};
		71D56BB829E9240700146CD7 /* Data */ = {
			isa = PBXGroup;
			children = (
				71D56BB929E9240700146CD7 /* Model */,
			);
			path = Data;
			sourceTree = "<group>";
		};
		71D56BB929E9240700146CD7 /* Model */ = {
			isa = PBXGroup;
			children = (
				71D56BBA29E9240700146CD7 /* CityLocationTest.swift */,
				71D56BBB29E9240700146CD7 /* WeatherInfoTest.swift */,
			);
			path = Model;
			sourceTree = "<group>";
		};
		71D56BBC29E9240700146CD7 /* Network */ = {
			isa = PBXGroup;
			children = (
				71D56BBD29E9240700146CD7 /* APIServiceTest.swift */,
				71D56BBE29E9240700146CD7 /* NetworkErrorTest.swift */,
				71D56BBF29E9240700146CD7 /* EndpointsTest.swift */,
			);
			path = Network;
			sourceTree = "<group>";
		};
/* End PBXGroup section */

/* Begin PBXNativeTarget section */
		717534E029E66EB100237C30 /* 20230412-NidhiGupta-Chase */ = {
			isa = PBXNativeTarget;
			buildConfigurationList = 7175350B29E66EB300237C30 /* Build configuration list for PBXNativeTarget "20230412-NidhiGupta-Chase" */;
			buildPhases = (
				717534DD29E66EB100237C30 /* Sources */,
				717534DE29E66EB100237C30 /* Frameworks */,
				717534DF29E66EB100237C30 /* Resources */,
			);
			buildRules = (
			);
			dependencies = (
			);
			name = "20230412-NidhiGupta-Chase";
			productName = "20230412-NidhiGupta-Chase";
			productReference = 717534E129E66EB100237C30 /* 20230412-NidhiGupta-Chase.app */;
			productType = "com.apple.product-type.application";
		};
		717534F629E66EB300237C30 /* 20230412-NidhiGupta-ChaseTests */ = {
			isa = PBXNativeTarget;
			buildConfigurationList = 7175350E29E66EB300237C30 /* Build configuration list for PBXNativeTarget "20230412-NidhiGupta-ChaseTests" */;
			buildPhases = (
				717534F329E66EB300237C30 /* Sources */,
				717534F429E66EB300237C30 /* Frameworks */,
				717534F529E66EB300237C30 /* Resources */,
			);
			buildRules = (
			);
			dependencies = (
				717534F929E66EB300237C30 /* PBXTargetDependency */,
			);
			name = "20230412-NidhiGupta-ChaseTests";
			productName = "20230412-NidhiGupta-ChaseTests";
			productReference = 717534F729E66EB300237C30 /* 20230412-NidhiGupta-ChaseTests.xctest */;
			productType = "com.apple.product-type.bundle.unit-test";
		};
		7175350029E66EB300237C30 /* 20230412-NidhiGupta-ChaseUITests */ = {
			isa = PBXNativeTarget;
			buildConfigurationList = 7175351129E66EB300237C30 /* Build configuration list for PBXNativeTarget "20230412-NidhiGupta-ChaseUITests" */;
			buildPhases = (
				717534FD29E66EB300237C30 /* Sources */,
				717534FE29E66EB300237C30 /* Frameworks */,
				717534FF29E66EB300237C30 /* Resources */,
			);
			buildRules = (
			);
			dependencies = (
				7175350329E66EB300237C30 /* PBXTargetDependency */,
			);
			name = "20230412-NidhiGupta-ChaseUITests";
			productName = "20230412-NidhiGupta-ChaseUITests";
			productReference = 7175350129E66EB300237C30 /* 20230412-NidhiGupta-ChaseUITests.xctest */;
			productType = "com.apple.product-type.bundle.ui-testing";
		};
/* End PBXNativeTarget section */

/* Begin PBXProject section */
		717534D929E66EB100237C30 /* Project object */ = {
			isa = PBXProject;
			attributes = {
				BuildIndependentTargetsInParallel = 1;
				LastSwiftUpdateCheck = 1430;
				LastUpgradeCheck = 1430;
				TargetAttributes = {
					717534E029E66EB100237C30 = {
						CreatedOnToolsVersion = 14.3;
					};
					717534F629E66EB300237C30 = {
						CreatedOnToolsVersion = 14.3;
						TestTargetID = 717534E029E66EB100237C30;
					};
					7175350029E66EB300237C30 = {
						CreatedOnToolsVersion = 14.3;
						TestTargetID = 717534E029E66EB100237C30;
					};
				};
			};
			buildConfigurationList = 717534DC29E66EB100237C30 /* Build configuration list for PBXProject "20230412-NidhiGupta-Chase" */;
			compatibilityVersion = "Xcode 14.0";
			developmentRegion = en;
			hasScannedForEncodings = 0;
			knownRegions = (
				en,
				Base,
			);
			mainGroup = 717534D829E66EB100237C30;
			productRefGroup = 717534E229E66EB100237C30 /* Products */;
			projectDirPath = "";
			projectRoot = "";
			targets = (
				717534E029E66EB100237C30 /* 20230412-NidhiGupta-Chase */,
				717534F629E66EB300237C30 /* 20230412-NidhiGupta-ChaseTests */,
				7175350029E66EB300237C30 /* 20230412-NidhiGupta-ChaseUITests */,
			);
		};
/* End PBXProject section */

/* Begin PBXResourcesBuildPhase section */
		717534DF29E66EB100237C30 /* Resources */ = {
			isa = PBXResourcesBuildPhase;
			buildActionMask = 2147483647;
			files = (
				717534F129E66EB200237C30 /* LaunchScreen.storyboard in Resources */,
				717534EE29E66EB200237C30 /* Assets.xcassets in Resources */,
			);
			runOnlyForDeploymentPostprocessing = 0;
		};
		717534F529E66EB300237C30 /* Resources */ = {
			isa = PBXResourcesBuildPhase;
			buildActionMask = 2147483647;
			files = (
			);
			runOnlyForDeploymentPostprocessing = 0;
		};
		717534FF29E66EB300237C30 /* Resources */ = {
			isa = PBXResourcesBuildPhase;
			buildActionMask = 2147483647;
			files = (
			);
			runOnlyForDeploymentPostprocessing = 0;
		};
/* End PBXResourcesBuildPhase section */

/* Begin PBXSourcesBuildPhase section */
		717534DD29E66EB100237C30 /* Sources */ = {
			isa = PBXSourcesBuildPhase;
			buildActionMask = 2147483647;
			files = (
				7175352329E6FAAA00237C30 /* ImageCache.swift in Sources */,
				2913D70729E8595D00F4D299 /* CityLocation.swift in Sources */,
				7131C7C729E7CF7D0042DC47 /* NetworkError.swift in Sources */,
				71419E9429E83F5600BFDBE3 /* Endpoints.swift in Sources */,
				7175352529E71DFC00237C30 /* TodayWeatherVC.swift in Sources */,
				7131C7C529E7C8BD0042DC47 /* UIViewController+Extensions.swift in Sources */,
				7175351929E6796200237C30 /* WeatherViewModel.swift in Sources */,
				7175351F29E6D86F00237C30 /* Utility.swift in Sources */,
				717534E529E66EB100237C30 /* AppDelegate.swift in Sources */,
				7175351729E6795B00237C30 /* APIService.swift in Sources */,
				7175352129E6E40200237C30 /* NetworkPathMonitor.swift in Sources */,
				717534E729E66EB100237C30 /* SceneDelegate.swift in Sources */,
				7175351529E6795300237C30 /* WeatherInfo.swift in Sources */,
				2913D70529E8520B00F4D299 /* LocationManager.swift in Sources */,
			);
			runOnlyForDeploymentPostprocessing = 0;
		};
		717534F329E66EB300237C30 /* Sources */ = {
			isa = PBXSourcesBuildPhase;
			buildActionMask = 2147483647;
			files = (
				71D56BC429E9240700146CD7 /* CityLocationTest.swift in Sources */,
				71D56BC829E9240700146CD7 /* EndpointsTest.swift in Sources */,
				71D56BC729E9240700146CD7 /* NetworkErrorTest.swift in Sources */,
				71D56BC529E9240700146CD7 /* WeatherInfoTest.swift in Sources */,
				71D56BC629E9240700146CD7 /* APIServiceTest.swift in Sources */,
				71D56BC029E9240700146CD7 /* UtilityTest.swift in Sources */,
				71D56BC329E9240700146CD7 /* NetworkPathMonitorTest.swift in Sources */,
				71D56BC229E9240700146CD7 /* ImageCacheTest.swift in Sources */,
				71D56BC129E9240700146CD7 /* LocationManagerTest.swift in Sources */,
			);
			runOnlyForDeploymentPostprocessing = 0;
		};
		717534FD29E66EB300237C30 /* Sources */ = {
			isa = PBXSourcesBuildPhase;
			buildActionMask = 2147483647;
			files = (
				7175350629E66EB300237C30 /* _0230412_NidhiGupta_ChaseUITests.swift in Sources */,
				7175350829E66EB300237C30 /* _0230412_NidhiGupta_ChaseUITestsLaunchTests.swift in Sources */,
			);
			runOnlyForDeploymentPostprocessing = 0;
		};
/* End PBXSourcesBuildPhase section */

/* Begin PBXTargetDependency section */
		717534F929E66EB300237C30 /* PBXTargetDependency */ = {
			isa = PBXTargetDependency;
			target = 717534E029E66EB100237C30 /* 20230412-NidhiGupta-Chase */;
			targetProxy = 717534F829E66EB300237C30 /* PBXContainerItemProxy */;
		};
		7175350329E66EB300237C30 /* PBXTargetDependency */ = {
			isa = PBXTargetDependency;
			target = 717534E029E66EB100237C30 /* 20230412-NidhiGupta-Chase */;
			targetProxy = 7175350229E66EB300237C30 /* PBXContainerItemProxy */;
		};
/* End PBXTargetDependency section */

/* Begin PBXVariantGroup section */
		717534EF29E66EB200237C30 /* LaunchScreen.storyboard */ = {
			isa = PBXVariantGroup;
			children = (
				717534F029E66EB200237C30 /* Base */,
			);
			name = LaunchScreen.storyboard;
			sourceTree = "<group>";
		};
/* End PBXVariantGroup section */

/* Begin XCBuildConfiguration section */
		7175350929E66EB300237C30 /* Debug */ = {
			isa = XCBuildConfiguration;
			buildSettings = {
				ALWAYS_SEARCH_USER_PATHS = NO;
				CLANG_ANALYZER_NONNULL = YES;
				CLANG_ANALYZER_NUMBER_OBJECT_CONVERSION = YES_AGGRESSIVE;
				CLANG_CXX_LANGUAGE_STANDARD = "gnu++20";
				CLANG_ENABLE_MODULES = YES;
				CLANG_ENABLE_OBJC_ARC = YES;
				CLANG_ENABLE_OBJC_WEAK = YES;
				CLANG_WARN_BLOCK_CAPTURE_AUTORELEASING = YES;
				CLANG_WARN_BOOL_CONVERSION = YES;
				CLANG_WARN_COMMA = YES;
				CLANG_WARN_CONSTANT_CONVERSION = YES;
				CLANG_WARN_DEPRECATED_OBJC_IMPLEMENTATIONS = YES;
				CLANG_WARN_DIRECT_OBJC_ISA_USAGE = YES_ERROR;
				CLANG_WARN_DOCUMENTATION_COMMENTS = YES;
				CLANG_WARN_EMPTY_BODY = YES;
				CLANG_WARN_ENUM_CONVERSION = YES;
				CLANG_WARN_INFINITE_RECURSION = YES;
				CLANG_WARN_INT_CONVERSION = YES;
				CLANG_WARN_NON_LITERAL_NULL_CONVERSION = YES;
				CLANG_WARN_OBJC_IMPLICIT_RETAIN_SELF = YES;
				CLANG_WARN_OBJC_LITERAL_CONVERSION = YES;
				CLANG_WARN_OBJC_ROOT_CLASS = YES_ERROR;
				CLANG_WARN_QUOTED_INCLUDE_IN_FRAMEWORK_HEADER = YES;
				CLANG_WARN_RANGE_LOOP_ANALYSIS = YES;
				CLANG_WARN_STRICT_PROTOTYPES = YES;
				CLANG_WARN_SUSPICIOUS_MOVE = YES;
				CLANG_WARN_UNGUARDED_AVAILABILITY = YES_AGGRESSIVE;
				CLANG_WARN_UNREACHABLE_CODE = YES;
				CLANG_WARN__DUPLICATE_METHOD_MATCH = YES;
				COPY_PHASE_STRIP = NO;
				DEBUG_INFORMATION_FORMAT = dwarf;
				ENABLE_STRICT_OBJC_MSGSEND = YES;
				ENABLE_TESTABILITY = YES;
				GCC_C_LANGUAGE_STANDARD = gnu11;
				GCC_DYNAMIC_NO_PIC = NO;
				GCC_NO_COMMON_BLOCKS = YES;
				GCC_OPTIMIZATION_LEVEL = 0;
				GCC_PREPROCESSOR_DEFINITIONS = (
					"DEBUG=1",
					"$(inherited)",
				);
				GCC_WARN_64_TO_32_BIT_CONVERSION = YES;
				GCC_WARN_ABOUT_RETURN_TYPE = YES_ERROR;
				GCC_WARN_UNDECLARED_SELECTOR = YES;
				GCC_WARN_UNINITIALIZED_AUTOS = YES_AGGRESSIVE;
				GCC_WARN_UNUSED_FUNCTION = YES;
				GCC_WARN_UNUSED_VARIABLE = YES;
				IPHONEOS_DEPLOYMENT_TARGET = 16.4;
				MTL_ENABLE_DEBUG_INFO = INCLUDE_SOURCE;
				MTL_FAST_MATH = YES;
				ONLY_ACTIVE_ARCH = YES;
				SDKROOT = iphoneos;
				SWIFT_ACTIVE_COMPILATION_CONDITIONS = DEBUG;
				SWIFT_OPTIMIZATION_LEVEL = "-Onone";
			};
			name = Debug;
		};
		7175350A29E66EB300237C30 /* Release */ = {
			isa = XCBuildConfiguration;
			buildSettings = {
				ALWAYS_SEARCH_USER_PATHS = NO;
				CLANG_ANALYZER_NONNULL = YES;
				CLANG_ANALYZER_NUMBER_OBJECT_CONVERSION = YES_AGGRESSIVE;
				CLANG_CXX_LANGUAGE_STANDARD = "gnu++20";
				CLANG_ENABLE_MODULES = YES;
				CLANG_ENABLE_OBJC_ARC = YES;
				CLANG_ENABLE_OBJC_WEAK = YES;
				CLANG_WARN_BLOCK_CAPTURE_AUTORELEASING = YES;
				CLANG_WARN_BOOL_CONVERSION = YES;
				CLANG_WARN_COMMA = YES;
				CLANG_WARN_CONSTANT_CONVERSION = YES;
				CLANG_WARN_DEPRECATED_OBJC_IMPLEMENTATIONS = YES;
				CLANG_WARN_DIRECT_OBJC_ISA_USAGE = YES_ERROR;
				CLANG_WARN_DOCUMENTATION_COMMENTS = YES;
				CLANG_WARN_EMPTY_BODY = YES;
				CLANG_WARN_ENUM_CONVERSION = YES;
				CLANG_WARN_INFINITE_RECURSION = YES;
				CLANG_WARN_INT_CONVERSION = YES;
				CLANG_WARN_NON_LITERAL_NULL_CONVERSION = YES;
				CLANG_WARN_OBJC_IMPLICIT_RETAIN_SELF = YES;
				CLANG_WARN_OBJC_LITERAL_CONVERSION = YES;
				CLANG_WARN_OBJC_ROOT_CLASS = YES_ERROR;
				CLANG_WARN_QUOTED_INCLUDE_IN_FRAMEWORK_HEADER = YES;
				CLANG_WARN_RANGE_LOOP_ANALYSIS = YES;
				CLANG_WARN_STRICT_PROTOTYPES = YES;
				CLANG_WARN_SUSPICIOUS_MOVE = YES;
				CLANG_WARN_UNGUARDED_AVAILABILITY = YES_AGGRESSIVE;
				CLANG_WARN_UNREACHABLE_CODE = YES;
				CLANG_WARN__DUPLICATE_METHOD_MATCH = YES;
				COPY_PHASE_STRIP = NO;
				DEBUG_INFORMATION_FORMAT = "dwarf-with-dsym";
				ENABLE_NS_ASSERTIONS = NO;
				ENABLE_STRICT_OBJC_MSGSEND = YES;
				GCC_C_LANGUAGE_STANDARD = gnu11;
				GCC_NO_COMMON_BLOCKS = YES;
				GCC_WARN_64_TO_32_BIT_CONVERSION = YES;
				GCC_WARN_ABOUT_RETURN_TYPE = YES_ERROR;
				GCC_WARN_UNDECLARED_SELECTOR = YES;
				GCC_WARN_UNINITIALIZED_AUTOS = YES_AGGRESSIVE;
				GCC_WARN_UNUSED_FUNCTION = YES;
				GCC_WARN_UNUSED_VARIABLE = YES;
				IPHONEOS_DEPLOYMENT_TARGET = 16.4;
				MTL_ENABLE_DEBUG_INFO = NO;
				MTL_FAST_MATH = YES;
				SDKROOT = iphoneos;
				SWIFT_COMPILATION_MODE = wholemodule;
				SWIFT_OPTIMIZATION_LEVEL = "-O";
				VALIDATE_PRODUCT = YES;
			};
			name = Release;
		};
		7175350C29E66EB300237C30 /* Debug */ = {
			isa = XCBuildConfiguration;
			buildSettings = {
				ASSETCATALOG_COMPILER_APPICON_NAME = AppIcon;
				ASSETCATALOG_COMPILER_GLOBAL_ACCENT_COLOR_NAME = AccentColor;
				CODE_SIGN_STYLE = Automatic;
				CURRENT_PROJECT_VERSION = 1;
				GENERATE_INFOPLIST_FILE = YES;
				INFOPLIST_FILE = "20230412-NidhiGupta-Chase/Info.plist";
				INFOPLIST_KEY_UIApplicationSupportsIndirectInputEvents = YES;
				INFOPLIST_KEY_UILaunchStoryboardName = LaunchScreen;
				INFOPLIST_KEY_UIMainStoryboardFile = "";
				INFOPLIST_KEY_UISupportedInterfaceOrientations_iPad = "UIInterfaceOrientationPortrait UIInterfaceOrientationPortraitUpsideDown UIInterfaceOrientationLandscapeLeft UIInterfaceOrientationLandscapeRight";
				INFOPLIST_KEY_UISupportedInterfaceOrientations_iPhone = "UIInterfaceOrientationPortrait UIInterfaceOrientationLandscapeLeft UIInterfaceOrientationLandscapeRight";
				LD_RUNPATH_SEARCH_PATHS = (
					"$(inherited)",
					"@executable_path/Frameworks",
				);
				MARKETING_VERSION = 1.0;
				PRODUCT_BUNDLE_IDENTIFIER = "com.globant.-0230412-NidhiGupta-Chase";
				PRODUCT_NAME = "$(TARGET_NAME)";
				SWIFT_EMIT_LOC_STRINGS = YES;
				SWIFT_VERSION = 5.0;
				TARGETED_DEVICE_FAMILY = "1,2";
			};
			name = Debug;
		};
		7175350D29E66EB300237C30 /* Release */ = {
			isa = XCBuildConfiguration;
			buildSettings = {
				ASSETCATALOG_COMPILER_APPICON_NAME = AppIcon;
				ASSETCATALOG_COMPILER_GLOBAL_ACCENT_COLOR_NAME = AccentColor;
				CODE_SIGN_STYLE = Automatic;
				CURRENT_PROJECT_VERSION = 1;
				GENERATE_INFOPLIST_FILE = YES;
				INFOPLIST_FILE = "20230412-NidhiGupta-Chase/Info.plist";
				INFOPLIST_KEY_UIApplicationSupportsIndirectInputEvents = YES;
				INFOPLIST_KEY_UILaunchStoryboardName = LaunchScreen;
				INFOPLIST_KEY_UIMainStoryboardFile = "";
				INFOPLIST_KEY_UISupportedInterfaceOrientations_iPad = "UIInterfaceOrientationPortrait UIInterfaceOrientationPortraitUpsideDown UIInterfaceOrientationLandscapeLeft UIInterfaceOrientationLandscapeRight";
				INFOPLIST_KEY_UISupportedInterfaceOrientations_iPhone = "UIInterfaceOrientationPortrait UIInterfaceOrientationLandscapeLeft UIInterfaceOrientationLandscapeRight";
				LD_RUNPATH_SEARCH_PATHS = (
					"$(inherited)",
					"@executable_path/Frameworks",
				);
				MARKETING_VERSION = 1.0;
				PRODUCT_BUNDLE_IDENTIFIER = "com.globant.-0230412-NidhiGupta-Chase";
				PRODUCT_NAME = "$(TARGET_NAME)";
				SWIFT_EMIT_LOC_STRINGS = YES;
				SWIFT_VERSION = 5.0;
				TARGETED_DEVICE_FAMILY = "1,2";
			};
			name = Release;
		};
		7175350F29E66EB300237C30 /* Debug */ = {
			isa = XCBuildConfiguration;
			buildSettings = {
				ALWAYS_EMBED_SWIFT_STANDARD_LIBRARIES = YES;
				BUNDLE_LOADER = "$(TEST_HOST)";
				CODE_SIGN_STYLE = Automatic;
				CURRENT_PROJECT_VERSION = 1;
				GENERATE_INFOPLIST_FILE = YES;
				IPHONEOS_DEPLOYMENT_TARGET = 16.4;
				MARKETING_VERSION = 1.0;
				PRODUCT_BUNDLE_IDENTIFIER = "com.globant.-0230412-NidhiGupta-ChaseTests";
				PRODUCT_NAME = "$(TARGET_NAME)";
				SWIFT_EMIT_LOC_STRINGS = NO;
				SWIFT_VERSION = 5.0;
				TARGETED_DEVICE_FAMILY = "1,2";
				TEST_HOST = "$(BUILT_PRODUCTS_DIR)/20230412-NidhiGupta-Chase.app/$(BUNDLE_EXECUTABLE_FOLDER_PATH)/20230412-NidhiGupta-Chase";
			};
			name = Debug;
		};
		7175351029E66EB300237C30 /* Release */ = {
			isa = XCBuildConfiguration;
			buildSettings = {
				ALWAYS_EMBED_SWIFT_STANDARD_LIBRARIES = YES;
				BUNDLE_LOADER = "$(TEST_HOST)";
				CODE_SIGN_STYLE = Automatic;
				CURRENT_PROJECT_VERSION = 1;
				GENERATE_INFOPLIST_FILE = YES;
				IPHONEOS_DEPLOYMENT_TARGET = 16.4;
				MARKETING_VERSION = 1.0;
				PRODUCT_BUNDLE_IDENTIFIER = "com.globant.-0230412-NidhiGupta-ChaseTests";
				PRODUCT_NAME = "$(TARGET_NAME)";
				SWIFT_EMIT_LOC_STRINGS = NO;
				SWIFT_VERSION = 5.0;
				TARGETED_DEVICE_FAMILY = "1,2";
				TEST_HOST = "$(BUILT_PRODUCTS_DIR)/20230412-NidhiGupta-Chase.app/$(BUNDLE_EXECUTABLE_FOLDER_PATH)/20230412-NidhiGupta-Chase";
			};
			name = Release;
		};
		7175351229E66EB300237C30 /* Debug */ = {
			isa = XCBuildConfiguration;
			buildSettings = {
				ALWAYS_EMBED_SWIFT_STANDARD_LIBRARIES = YES;
				CODE_SIGN_STYLE = Automatic;
				CURRENT_PROJECT_VERSION = 1;
				GENERATE_INFOPLIST_FILE = YES;
				MARKETING_VERSION = 1.0;
				PRODUCT_BUNDLE_IDENTIFIER = "com.globant.-0230412-NidhiGupta-ChaseUITests";
				PRODUCT_NAME = "$(TARGET_NAME)";
				SWIFT_EMIT_LOC_STRINGS = NO;
				SWIFT_VERSION = 5.0;
				TARGETED_DEVICE_FAMILY = "1,2";
				TEST_TARGET_NAME = "20230412-NidhiGupta-Chase";
			};
			name = Debug;
		};
		7175351329E66EB300237C30 /* Release */ = {
			isa = XCBuildConfiguration;
			buildSettings = {
				ALWAYS_EMBED_SWIFT_STANDARD_LIBRARIES = YES;
				CODE_SIGN_STYLE = Automatic;
				CURRENT_PROJECT_VERSION = 1;
				GENERATE_INFOPLIST_FILE = YES;
				MARKETING_VERSION = 1.0;
				PRODUCT_BUNDLE_IDENTIFIER = "com.globant.-0230412-NidhiGupta-ChaseUITests";
				PRODUCT_NAME = "$(TARGET_NAME)";
				SWIFT_EMIT_LOC_STRINGS = NO;
				SWIFT_VERSION = 5.0;
				TARGETED_DEVICE_FAMILY = "1,2";
				TEST_TARGET_NAME = "20230412-NidhiGupta-Chase";
			};
			name = Release;
		};
/* End XCBuildConfiguration section */

/* Begin XCConfigurationList section */
		717534DC29E66EB100237C30 /* Build configuration list for PBXProject "20230412-NidhiGupta-Chase" */ = {
			isa = XCConfigurationList;
			buildConfigurations = (
				7175350929E66EB300237C30 /* Debug */,
				7175350A29E66EB300237C30 /* Release */,
			);
			defaultConfigurationIsVisible = 0;
			defaultConfigurationName = Release;
		};
		7175350B29E66EB300237C30 /* Build configuration list for PBXNativeTarget "20230412-NidhiGupta-Chase" */ = {
			isa = XCConfigurationList;
			buildConfigurations = (
				7175350C29E66EB300237C30 /* Debug */,
				7175350D29E66EB300237C30 /* Release */,
			);
			defaultConfigurationIsVisible = 0;
			defaultConfigurationName = Release;
		};
		7175350E29E66EB300237C30 /* Build configuration list for PBXNativeTarget "20230412-NidhiGupta-ChaseTests" */ = {
			isa = XCConfigurationList;
			buildConfigurations = (
				7175350F29E66EB300237C30 /* Debug */,
				7175351029E66EB300237C30 /* Release */,
			);
			defaultConfigurationIsVisible = 0;
			defaultConfigurationName = Release;
		};
		7175351129E66EB300237C30 /* Build configuration list for PBXNativeTarget "20230412-NidhiGupta-ChaseUITests" */ = {
			isa = XCConfigurationList;
			buildConfigurations = (
				7175351229E66EB300237C30 /* Debug */,
				7175351329E66EB300237C30 /* Release */,
			);
			defaultConfigurationIsVisible = 0;
			defaultConfigurationName = Release;
		};
/* End XCConfigurationList section */
	};
	rootObject = 717534D929E66EB100237C30 /* Project object */;
}
